
Microsoft Visual Studio Solution File, Format Version 12.00
# Visual Studio 15
VisualStudioVersion = 15.0.28307.329
MinimumVisualStudioVersion = 10.0.40219.1
Project("{FAE04EC0-301F-11D3-BF4B-00C04F79EFBC}") = "GestaoAluguelLivros", "GestaoAluguelLivros\GestaoAluguelLivros.csproj", "{5DA32263-0837-4CEA-8EE6-173C2F840FBB}"
EndProject
Project("{FAE04EC0-301F-11D3-BF4B-00C04F79EFBC}") = "Presenter", "Presenter\Presenter.csproj", "{BFEECAA2-E41B-4139-9036-17659E1A793F}"
EndProject
Project("{FAE04EC0-301F-11D3-BF4B-00C04F79EFBC}") = "AcessoBancoDados", "AcessoBancoDados\AcessoBancoDados.csproj", "{D243F9BE-5B8F-4AFE-8FDC-FCBFDD8C977E}"
EndProject
Project("{FAE04EC0-301F-11D3-BF4B-00C04F79EFBC}") = "Model", "Model\Model.csproj", "{5F6A3AC9-4549-4C1B-82F4-D8A88E050A42}"
EndProject
Global
	GlobalSection(SolutionConfigurationPlatforms) = preSolution
		Debug|Any CPU = Debug|Any CPU
		Release|Any CPU = Release|Any CPU
	EndGlobalSection
	GlobalSection(ProjectConfigurationPlatforms) = postSolution
		{5DA32263-0837-4CEA-8EE6-173C2F840FBB}.Debug|Any CPU.ActiveCfg = Debug|Any CPU
		{5DA32263-0837-4CEA-8EE6-173C2F840FBB}.Debug|Any CPU.Build.0 = Debug|Any CPU
		{5DA32263-0837-4CEA-8EE6-173C2F840FBB}.Release|Any CPU.ActiveCfg = Release|Any CPU
		{5DA32263-0837-4CEA-8EE6-173C2F840FBB}.Release|Any CPU.Build.0 = Release|Any CPU
		{BFEECAA2-E41B-4139-9036-17659E1A793F}.Debug|Any CPU.ActiveCfg = Debug|Any CPU
		{BFEECAA2-E41B-4139-9036-17659E1A793F}.Debug|Any CPU.Build.0 = Debug|Any CPU
		{BFEECAA2-E41B-4139-9036-17659E1A793F}.Release|Any CPU.ActiveCfg = Release|Any CPU
		{BFEECAA2-E41B-4139-9036-17659E1A793F}.Release|Any CPU.Build.0 = Release|Any CPU
		{D243F9BE-5B8F-4AFE-8FDC-FCBFDD8C977E}.Debug|Any CPU.ActiveCfg = Debug|Any CPU
		{D243F9BE-5B8F-4AFE-8FDC-FCBFDD8C977E}.Debug|Any CPU.Build.0 = Debug|Any CPU
		{D243F9BE-5B8F-4AFE-8FDC-FCBFDD8C977E}.Release|Any CPU.ActiveCfg = Release|Any CPU
		{D243F9BE-5B8F-4AFE-8FDC-FCBFDD8C977E}.Release|Any CPU.Build.0 = Release|Any CPU
		{5F6A3AC9-4549-4C1B-82F4-D8A88E050A42}.Debug|Any CPU.ActiveCfg = Debug|Any CPU
		{5F6A3AC9-4549-4C1B-82F4-D8A88E050A42}.Debug|Any CPU.Build.0 = Debug|Any CPU
		{5F6A3AC9-4549-4C1B-82F4-D8A88E050A42}.Release|Any CPU.ActiveCfg = Release|Any CPU
		{5F6A3AC9-4549-4C1B-82F4-D8A88E050A42}.Release|Any CPU.Build.0 = Release|Any CPU
	EndGlobalSection
	GlobalSection(SolutionProperties) = preSolution
		HideSolutionNode = FALSE
	EndGlobalSection
	GlobalSection(ExtensibilityGlobals) = postSolution
		SolutionGuid = {7AD57975-4401-4DCB-BEC3-E086152CC3A7}
	EndGlobalSection
EndGlobal
